// !$*UTF8*$!
{
	archiveVersion = 1;
	classes = {
	};
	objectVersion = 55;
	objects = {

/* Begin PBXBuildFile section */
		61C03610D4CA01DDDE470313 /* Pods_WalletDemo.framework in Frameworks */ = {isa = PBXBuildFile; fileRef = 925E9671DBE104C3E6A20C7E /* Pods_WalletDemo.framework */; };
		94B3AA662819B859006B60C1 /* WalletDemoApp.swift in Sources */ = {isa = PBXBuildFile; fileRef = 94B3AA652819B859006B60C1 /* WalletDemoApp.swift */; };
		94B3AA682819B859006B60C1 /* APITestView.swift in Sources */ = {isa = PBXBuildFile; fileRef = 94B3AA672819B859006B60C1 /* APITestView.swift */; };
		94B3AA6A2819B859006B60C1 /* Assets.xcassets in Resources */ = {isa = PBXBuildFile; fileRef = 94B3AA692819B859006B60C1 /* Assets.xcassets */; };
		94B3AA6D2819B859006B60C1 /* Preview Assets.xcassets in Resources */ = {isa = PBXBuildFile; fileRef = 94B3AA6C2819B859006B60C1 /* Preview Assets.xcassets */; };
		94BE7CFE2822790D00EDC789 /* LoginView.swift in Sources */ = {isa = PBXBuildFile; fileRef = 94BE7CFD2822790D00EDC789 /* LoginView.swift */; };
		94BE7DBA28227D2C00EDC789 /* WalletHost.swift in Sources */ = {isa = PBXBuildFile; fileRef = 94BE7DB928227D2C00EDC789 /* WalletHost.swift */; };
		94C606E62828FB040013DD54 /* ConsoleOutput.swift in Sources */ = {isa = PBXBuildFile; fileRef = 94C606E52828FB040013DD54 /* ConsoleOutput.swift */; };
		94C609D72829128F0013DD54 /* APITest.swift in Sources */ = {isa = PBXBuildFile; fileRef = 94C609D62829128F0013DD54 /* APITest.swift */; };
		94C60B4C282A52C00013DD54 /* TextFieldAlertModifier.swift in Sources */ = {isa = PBXBuildFile; fileRef = 94C60B4B282A52C00013DD54 /* TextFieldAlertModifier.swift */; };
		94C60B4E282A73B00013DD54 /* ExampleView.swift in Sources */ = {isa = PBXBuildFile; fileRef = 94C60B4D282A73B00013DD54 /* ExampleView.swift */; };
		94C60C0A282A87A90013DD54 /* Example.swift in Sources */ = {isa = PBXBuildFile; fileRef = 94C60C09282A87A90013DD54 /* Example.swift */; };
/* End PBXBuildFile section */

/* Begin PBXFileReference section */
		4968E97524C37B3DE21C1F6C /* Pods-WalletDemo.release.xcconfig */ = {isa = PBXFileReference; includeInIndex = 1; lastKnownFileType = text.xcconfig; name = "Pods-WalletDemo.release.xcconfig"; path = "Target Support Files/Pods-WalletDemo/Pods-WalletDemo.release.xcconfig"; sourceTree = "<group>"; };
		827BB2C58CFDEE5C32AD3027 /* Pods-WalletDemo.debug.xcconfig */ = {isa = PBXFileReference; includeInIndex = 1; lastKnownFileType = text.xcconfig; name = "Pods-WalletDemo.debug.xcconfig"; path = "Target Support Files/Pods-WalletDemo/Pods-WalletDemo.debug.xcconfig"; sourceTree = "<group>"; };
		925E9671DBE104C3E6A20C7E /* Pods_WalletDemo.framework */ = {isa = PBXFileReference; explicitFileType = wrapper.framework; includeInIndex = 0; path = Pods_WalletDemo.framework; sourceTree = BUILT_PRODUCTS_DIR; };
		94B3AA622819B859006B60C1 /* WalletDemo.app */ = {isa = PBXFileReference; explicitFileType = wrapper.application; includeInIndex = 0; path = WalletDemo.app; sourceTree = BUILT_PRODUCTS_DIR; };
		94B3AA652819B859006B60C1 /* WalletDemoApp.swift */ = {isa = PBXFileReference; lastKnownFileType = sourcecode.swift; path = WalletDemoApp.swift; sourceTree = "<group>"; };
		94B3AA672819B859006B60C1 /* APITestView.swift */ = {isa = PBXFileReference; lastKnownFileType = sourcecode.swift; path = APITestView.swift; sourceTree = "<group>"; };
		94B3AA692819B859006B60C1 /* Assets.xcassets */ = {isa = PBXFileReference; lastKnownFileType = folder.assetcatalog; path = Assets.xcassets; sourceTree = "<group>"; };
		94B3AA6C2819B859006B60C1 /* Preview Assets.xcassets */ = {isa = PBXFileReference; lastKnownFileType = folder.assetcatalog; path = "Preview Assets.xcassets"; sourceTree = "<group>"; };
		94BE7CFD2822790D00EDC789 /* LoginView.swift */ = {isa = PBXFileReference; lastKnownFileType = sourcecode.swift; path = LoginView.swift; sourceTree = "<group>"; };
		94BE7DB928227D2C00EDC789 /* WalletHost.swift */ = {isa = PBXFileReference; lastKnownFileType = sourcecode.swift; path = WalletHost.swift; sourceTree = "<group>"; };
		94C606E52828FB040013DD54 /* ConsoleOutput.swift */ = {isa = PBXFileReference; lastKnownFileType = sourcecode.swift; path = ConsoleOutput.swift; sourceTree = "<group>"; };
		94C609D62829128F0013DD54 /* APITest.swift */ = {isa = PBXFileReference; lastKnownFileType = sourcecode.swift; path = APITest.swift; sourceTree = "<group>"; };
		94C60B4B282A52C00013DD54 /* TextFieldAlertModifier.swift */ = {isa = PBXFileReference; lastKnownFileType = sourcecode.swift; path = TextFieldAlertModifier.swift; sourceTree = "<group>"; };
		94C60B4D282A73B00013DD54 /* ExampleView.swift */ = {isa = PBXFileReference; lastKnownFileType = sourcecode.swift; path = ExampleView.swift; sourceTree = "<group>"; };
		94C60C09282A87A90013DD54 /* Example.swift */ = {isa = PBXFileReference; lastKnownFileType = sourcecode.swift; path = Example.swift; sourceTree = "<group>"; };
/* End PBXFileReference section */

/* Begin PBXFrameworksBuildPhase section */
		94B3AA5F2819B859006B60C1 /* Frameworks */ = {
			isa = PBXFrameworksBuildPhase;
			buildActionMask = 2147483647;
			files = (
				61C03610D4CA01DDDE470313 /* Pods_WalletDemo.framework in Frameworks */,
			);
			runOnlyForDeploymentPostprocessing = 0;
		};
/* End PBXFrameworksBuildPhase section */

/* Begin PBXGroup section */
		2910AE6B4AA8D2F976B41ACE /* Pods */ = {
			isa = PBXGroup;
			children = (
				827BB2C58CFDEE5C32AD3027 /* Pods-WalletDemo.debug.xcconfig */,
				4968E97524C37B3DE21C1F6C /* Pods-WalletDemo.release.xcconfig */,
			);
			name = Pods;
			path = ../Pods;
			sourceTree = "<group>";
		};
		552D61E555AC8C36DD50120E /* Frameworks */ = {
			isa = PBXGroup;
			children = (
				925E9671DBE104C3E6A20C7E /* Pods_WalletDemo.framework */,
			);
			name = Frameworks;
			sourceTree = "<group>";
		};
		94B3AA592819B859006B60C1 = {
			isa = PBXGroup;
			children = (
				94B3AA642819B859006B60C1 /* WalletDemo */,
				94B3AA632819B859006B60C1 /* Products */,
				2910AE6B4AA8D2F976B41ACE /* Pods */,
				552D61E555AC8C36DD50120E /* Frameworks */,
			);
			sourceTree = "<group>";
		};
		94B3AA632819B859006B60C1 /* Products */ = {
			isa = PBXGroup;
			children = (
				94B3AA622819B859006B60C1 /* WalletDemo.app */,
			);
			name = Products;
			sourceTree = "<group>";
		};
		94B3AA642819B859006B60C1 /* WalletDemo */ = {
			isa = PBXGroup;
			children = (
				94C606E72828FCEA0013DD54 /* Model */,
				94B3AA652819B859006B60C1 /* WalletDemoApp.swift */,
				94BE7CFD2822790D00EDC789 /* LoginView.swift */,
				94C60B4D282A73B00013DD54 /* ExampleView.swift */,
				94B3AA672819B859006B60C1 /* APITestView.swift */,
				94C60B4B282A52C00013DD54 /* TextFieldAlertModifier.swift */,
				94B3AA692819B859006B60C1 /* Assets.xcassets */,
				94B3AA6B2819B859006B60C1 /* Preview Content */,
			);
			path = WalletDemo;
			sourceTree = "<group>";
		};
		94B3AA6B2819B859006B60C1 /* Preview Content */ = {
			isa = PBXGroup;
			children = (
				94B3AA6C2819B859006B60C1 /* Preview Assets.xcassets */,
			);
			path = "Preview Content";
			sourceTree = "<group>";
		};
		94C606E72828FCEA0013DD54 /* Model */ = {
			isa = PBXGroup;
			children = (
				94BE7DB928227D2C00EDC789 /* WalletHost.swift */,
				94C606E52828FB040013DD54 /* ConsoleOutput.swift */,
				94C609D62829128F0013DD54 /* APITest.swift */,
				94C60C09282A87A90013DD54 /* Example.swift */,
			);
			path = Model;
			sourceTree = "<group>";
		};
/* End PBXGroup section */

/* Begin PBXNativeTarget section */
		94B3AA612819B859006B60C1 /* WalletDemo */ = {
			isa = PBXNativeTarget;
			buildConfigurationList = 94B3AA702819B859006B60C1 /* Build configuration list for PBXNativeTarget "WalletDemo" */;
			buildPhases = (
				DB9ED6A31A008FE156208568 /* [CP] Check Pods Manifest.lock */,
				94B3AA5E2819B859006B60C1 /* Sources */,
				94B3AA5F2819B859006B60C1 /* Frameworks */,
				94B3AA602819B859006B60C1 /* Resources */,
				37F397BE403E4E7A2ECB66F5 /* [CP] Embed Pods Frameworks */,
			);
			buildRules = (
			);
			dependencies = (
			);
			name = WalletDemo;
			productName = WalletDemo;
			productReference = 94B3AA622819B859006B60C1 /* WalletDemo.app */;
			productType = "com.apple.product-type.application";
		};
/* End PBXNativeTarget section */

/* Begin PBXProject section */
		94B3AA5A2819B859006B60C1 /* Project object */ = {
			isa = PBXProject;
			attributes = {
				BuildIndependentTargetsInParallel = 1;
				LastSwiftUpdateCheck = 1320;
				LastUpgradeCheck = 1320;
				TargetAttributes = {
					94B3AA612819B859006B60C1 = {
						CreatedOnToolsVersion = 13.2.1;
					};
				};
			};
			buildConfigurationList = 94B3AA5D2819B859006B60C1 /* Build configuration list for PBXProject "WalletDemo" */;
			compatibilityVersion = "Xcode 13.0";
			developmentRegion = en;
			hasScannedForEncodings = 0;
			knownRegions = (
				en,
				Base,
			);
			mainGroup = 94B3AA592819B859006B60C1;
			productRefGroup = 94B3AA632819B859006B60C1 /* Products */;
			projectDirPath = "";
			projectRoot = "";
			targets = (
				94B3AA612819B859006B60C1 /* WalletDemo */,
			);
		};
/* End PBXProject section */

/* Begin PBXResourcesBuildPhase section */
		94B3AA602819B859006B60C1 /* Resources */ = {
			isa = PBXResourcesBuildPhase;
			buildActionMask = 2147483647;
			files = (
				94B3AA6D2819B859006B60C1 /* Preview Assets.xcassets in Resources */,
				94B3AA6A2819B859006B60C1 /* Assets.xcassets in Resources */,
			);
			runOnlyForDeploymentPostprocessing = 0;
		};
/* End PBXResourcesBuildPhase section */

/* Begin PBXShellScriptBuildPhase section */
		37F397BE403E4E7A2ECB66F5 /* [CP] Embed Pods Frameworks */ = {
			isa = PBXShellScriptBuildPhase;
			buildActionMask = 2147483647;
			files = (
			);
			inputFileListPaths = (
				"${PODS_ROOT}/Target Support Files/Pods-WalletDemo/Pods-WalletDemo-frameworks-${CONFIGURATION}-input-files.xcfilelist",
			);
			name = "[CP] Embed Pods Frameworks";
			outputFileListPaths = (
				"${PODS_ROOT}/Target Support Files/Pods-WalletDemo/Pods-WalletDemo-frameworks-${CONFIGURATION}-output-files.xcfilelist",
			);
			runOnlyForDeploymentPostprocessing = 0;
			shellPath = /bin/sh;
			shellScript = "\"${PODS_ROOT}/Target Support Files/Pods-WalletDemo/Pods-WalletDemo-frameworks.sh\"\n";
			showEnvVarsInLog = 0;
		};
		DB9ED6A31A008FE156208568 /* [CP] Check Pods Manifest.lock */ = {
			isa = PBXShellScriptBuildPhase;
			buildActionMask = 2147483647;
			files = (
			);
			inputFileListPaths = (
			);
			inputPaths = (
				"${PODS_PODFILE_DIR_PATH}/Podfile.lock",
				"${PODS_ROOT}/Manifest.lock",
			);
			name = "[CP] Check Pods Manifest.lock";
			outputFileListPaths = (
			);
			outputPaths = (
				"$(DERIVED_FILE_DIR)/Pods-WalletDemo-checkManifestLockResult.txt",
			);
			runOnlyForDeploymentPostprocessing = 0;
			shellPath = /bin/sh;
			shellScript = "diff \"${PODS_PODFILE_DIR_PATH}/Podfile.lock\" \"${PODS_ROOT}/Manifest.lock\" > /dev/null\nif [ $? != 0 ] ; then\n    # print error to STDERR\n    echo \"error: The sandbox is not in sync with the Podfile.lock. Run 'pod install' or update your CocoaPods installation.\" >&2\n    exit 1\nfi\n# This output is used by Xcode 'outputs' to avoid re-running this script phase.\necho \"SUCCESS\" > \"${SCRIPT_OUTPUT_FILE_0}\"\n";
			showEnvVarsInLog = 0;
		};
/* End PBXShellScriptBuildPhase section */

/* Begin PBXSourcesBuildPhase section */
		94B3AA5E2819B859006B60C1 /* Sources */ = {
			isa = PBXSourcesBuildPhase;
			buildActionMask = 2147483647;
			files = (
				94BE7CFE2822790D00EDC789 /* LoginView.swift in Sources */,
				94C609D72829128F0013DD54 /* APITest.swift in Sources */,
				94C60C0A282A87A90013DD54 /* Example.swift in Sources */,
				94B3AA682819B859006B60C1 /* APITestView.swift in Sources */,
				94BE7DBA28227D2C00EDC789 /* WalletHost.swift in Sources */,
				94C606E62828FB040013DD54 /* ConsoleOutput.swift in Sources */,
				94B3AA662819B859006B60C1 /* WalletDemoApp.swift in Sources */,
				94C60B4C282A52C00013DD54 /* TextFieldAlertModifier.swift in Sources */,
				94C60B4E282A73B00013DD54 /* ExampleView.swift in Sources */,
			);
			runOnlyForDeploymentPostprocessing = 0;
		};
/* End PBXSourcesBuildPhase section */

/* Begin XCBuildConfiguration section */
		94B3AA6E2819B859006B60C1 /* Debug */ = {
			isa = XCBuildConfiguration;
			buildSettings = {
				ALWAYS_SEARCH_USER_PATHS = NO;
				CLANG_ANALYZER_NONNULL = YES;
				CLANG_ANALYZER_NUMBER_OBJECT_CONVERSION = YES_AGGRESSIVE;
				CLANG_CXX_LANGUAGE_STANDARD = "gnu++17";
				CLANG_CXX_LIBRARY = "libc++";
				CLANG_ENABLE_MODULES = YES;
				CLANG_ENABLE_OBJC_ARC = YES;
				CLANG_ENABLE_OBJC_WEAK = YES;
				CLANG_WARN_BLOCK_CAPTURE_AUTORELEASING = YES;
				CLANG_WARN_BOOL_CONVERSION = YES;
				CLANG_WARN_COMMA = YES;
				CLANG_WARN_CONSTANT_CONVERSION = YES;
				CLANG_WARN_DEPRECATED_OBJC_IMPLEMENTATIONS = YES;
				CLANG_WARN_DIRECT_OBJC_ISA_USAGE = YES_ERROR;
				CLANG_WARN_DOCUMENTATION_COMMENTS = YES;
				CLANG_WARN_EMPTY_BODY = YES;
				CLANG_WARN_ENUM_CONVERSION = YES;
				CLANG_WARN_INFINITE_RECURSION = YES;
				CLANG_WARN_INT_CONVERSION = YES;
				CLANG_WARN_NON_LITERAL_NULL_CONVERSION = YES;
				CLANG_WARN_OBJC_IMPLICIT_RETAIN_SELF = YES;
				CLANG_WARN_OBJC_LITERAL_CONVERSION = YES;
				CLANG_WARN_OBJC_ROOT_CLASS = YES_ERROR;
				CLANG_WARN_QUOTED_INCLUDE_IN_FRAMEWORK_HEADER = YES;
				CLANG_WARN_RANGE_LOOP_ANALYSIS = YES;
				CLANG_WARN_STRICT_PROTOTYPES = YES;
				CLANG_WARN_SUSPICIOUS_MOVE = YES;
				CLANG_WARN_UNGUARDED_AVAILABILITY = YES_AGGRESSIVE;
				CLANG_WARN_UNREACHABLE_CODE = YES;
				CLANG_WARN__DUPLICATE_METHOD_MATCH = YES;
				COPY_PHASE_STRIP = NO;
				DEBUG_INFORMATION_FORMAT = dwarf;
				ENABLE_STRICT_OBJC_MSGSEND = YES;
				ENABLE_TESTABILITY = YES;
				GCC_C_LANGUAGE_STANDARD = gnu11;
				GCC_DYNAMIC_NO_PIC = NO;
				GCC_NO_COMMON_BLOCKS = YES;
				GCC_OPTIMIZATION_LEVEL = 0;
				GCC_PREPROCESSOR_DEFINITIONS = (
					"DEBUG=1",
					"$(inherited)",
				);
				GCC_WARN_64_TO_32_BIT_CONVERSION = YES;
				GCC_WARN_ABOUT_RETURN_TYPE = YES_ERROR;
				GCC_WARN_UNDECLARED_SELECTOR = YES;
				GCC_WARN_UNINITIALIZED_AUTOS = YES_AGGRESSIVE;
				GCC_WARN_UNUSED_FUNCTION = YES;
				GCC_WARN_UNUSED_VARIABLE = YES;
				IPHONEOS_DEPLOYMENT_TARGET = 14.0;
				MTL_ENABLE_DEBUG_INFO = INCLUDE_SOURCE;
				MTL_FAST_MATH = YES;
				ONLY_ACTIVE_ARCH = YES;
				SDKROOT = iphoneos;
				SWIFT_ACTIVE_COMPILATION_CONDITIONS = DEBUG;
				SWIFT_OPTIMIZATION_LEVEL = "-Onone";
			};
			name = Debug;
		};
		94B3AA6F2819B859006B60C1 /* Release */ = {
			isa = XCBuildConfiguration;
			buildSettings = {
				ALWAYS_SEARCH_USER_PATHS = NO;
				CLANG_ANALYZER_NONNULL = YES;
				CLANG_ANALYZER_NUMBER_OBJECT_CONVERSION = YES_AGGRESSIVE;
				CLANG_CXX_LANGUAGE_STANDARD = "gnu++17";
				CLANG_CXX_LIBRARY = "libc++";
				CLANG_ENABLE_MODULES = YES;
				CLANG_ENABLE_OBJC_ARC = YES;
				CLANG_ENABLE_OBJC_WEAK = YES;
				CLANG_WARN_BLOCK_CAPTURE_AUTORELEASING = YES;
				CLANG_WARN_BOOL_CONVERSION = YES;
				CLANG_WARN_COMMA = YES;
				CLANG_WARN_CONSTANT_CONVERSION = YES;
				CLANG_WARN_DEPRECATED_OBJC_IMPLEMENTATIONS = YES;
				CLANG_WARN_DIRECT_OBJC_ISA_USAGE = YES_ERROR;
				CLANG_WARN_DOCUMENTATION_COMMENTS = YES;
				CLANG_WARN_EMPTY_BODY = YES;
				CLANG_WARN_ENUM_CONVERSION = YES;
				CLANG_WARN_INFINITE_RECURSION = YES;
				CLANG_WARN_INT_CONVERSION = YES;
				CLANG_WARN_NON_LITERAL_NULL_CONVERSION = YES;
				CLANG_WARN_OBJC_IMPLICIT_RETAIN_SELF = YES;
				CLANG_WARN_OBJC_LITERAL_CONVERSION = YES;
				CLANG_WARN_OBJC_ROOT_CLASS = YES_ERROR;
				CLANG_WARN_QUOTED_INCLUDE_IN_FRAMEWORK_HEADER = YES;
				CLANG_WARN_RANGE_LOOP_ANALYSIS = YES;
				CLANG_WARN_STRICT_PROTOTYPES = YES;
				CLANG_WARN_SUSPICIOUS_MOVE = YES;
				CLANG_WARN_UNGUARDED_AVAILABILITY = YES_AGGRESSIVE;
				CLANG_WARN_UNREACHABLE_CODE = YES;
				CLANG_WARN__DUPLICATE_METHOD_MATCH = YES;
				COPY_PHASE_STRIP = NO;
				DEBUG_INFORMATION_FORMAT = "dwarf-with-dsym";
				ENABLE_NS_ASSERTIONS = NO;
				ENABLE_STRICT_OBJC_MSGSEND = YES;
				GCC_C_LANGUAGE_STANDARD = gnu11;
				GCC_NO_COMMON_BLOCKS = YES;
				GCC_WARN_64_TO_32_BIT_CONVERSION = YES;
				GCC_WARN_ABOUT_RETURN_TYPE = YES_ERROR;
				GCC_WARN_UNDECLARED_SELECTOR = YES;
				GCC_WARN_UNINITIALIZED_AUTOS = YES_AGGRESSIVE;
				GCC_WARN_UNUSED_FUNCTION = YES;
				GCC_WARN_UNUSED_VARIABLE = YES;
				IPHONEOS_DEPLOYMENT_TARGET = 14.0;
				MTL_ENABLE_DEBUG_INFO = NO;
				MTL_FAST_MATH = YES;
				SDKROOT = iphoneos;
				SWIFT_COMPILATION_MODE = wholemodule;
				SWIFT_OPTIMIZATION_LEVEL = "-O";
				VALIDATE_PRODUCT = YES;
			};
			name = Release;
		};
		94B3AA712819B859006B60C1 /* Debug */ = {
			isa = XCBuildConfiguration;
			baseConfigurationReference = 827BB2C58CFDEE5C32AD3027 /* Pods-WalletDemo.debug.xcconfig */;
			buildSettings = {
				ASSETCATALOG_COMPILER_APPICON_NAME = AppIcon;
				ASSETCATALOG_COMPILER_GLOBAL_ACCENT_COLOR_NAME = AccentColor;
				CODE_SIGN_STYLE = Automatic;
				CURRENT_PROJECT_VERSION = 1;
				DEVELOPMENT_ASSET_PATHS = "\"WalletDemo/Preview Content\"";
				DEVELOPMENT_TEAM = 5EL4S7LCG6;
				ENABLE_PREVIEWS = YES;
				GENERATE_INFOPLIST_FILE = YES;
				INFOPLIST_KEY_UIApplicationSceneManifest_Generation = YES;
				INFOPLIST_KEY_UIApplicationSupportsIndirectInputEvents = YES;
				INFOPLIST_KEY_UILaunchScreen_Generation = YES;
				INFOPLIST_KEY_UISupportedInterfaceOrientations_iPad = "UIInterfaceOrientationPortrait UIInterfaceOrientationPortraitUpsideDown UIInterfaceOrientationLandscapeLeft UIInterfaceOrientationLandscapeRight";
				INFOPLIST_KEY_UISupportedInterfaceOrientations_iPhone = "UIInterfaceOrientationPortrait UIInterfaceOrientationLandscapeLeft UIInterfaceOrientationLandscapeRight";
				IPHONEOS_DEPLOYMENT_TARGET = 14.0;
				LD_RUNPATH_SEARCH_PATHS = (
					"$(inherited)",
					"@executable_path/Frameworks",
				);
				MARKETING_VERSION = 1.0;
				PRODUCT_BUNDLE_IDENTIFIER = one.mixin.WalletDemo;
				PRODUCT_NAME = "$(TARGET_NAME)";
				SWIFT_EMIT_LOC_STRINGS = YES;
				SWIFT_VERSION = 5.0;
				TARGETED_DEVICE_FAMILY = "1,2";
			};
			name = Debug;
		};
		94B3AA722819B859006B60C1 /* Release */ = {
			isa = XCBuildConfiguration;
			baseConfigurationReference = 4968E97524C37B3DE21C1F6C /* Pods-WalletDemo.release.xcconfig */;
			buildSettings = {
				ASSETCATALOG_COMPILER_APPICON_NAME = AppIcon;
				ASSETCATALOG_COMPILER_GLOBAL_ACCENT_COLOR_NAME = AccentColor;
				CODE_SIGN_STYLE = Automatic;
				CURRENT_PROJECT_VERSION = 1;
				DEVELOPMENT_ASSET_PATHS = "\"WalletDemo/Preview Content\"";
				DEVELOPMENT_TEAM = 5EL4S7LCG6;
				ENABLE_PREVIEWS = YES;
				GENERATE_INFOPLIST_FILE = YES;
				INFOPLIST_KEY_UIApplicationSceneManifest_Generation = YES;
				INFOPLIST_KEY_UIApplicationSupportsIndirectInputEvents = YES;
				INFOPLIST_KEY_UILaunchScreen_Generation = YES;
				INFOPLIST_KEY_UISupportedInterfaceOrientations_iPad = "UIInterfaceOrientationPortrait UIInterfaceOrientationPortraitUpsideDown UIInterfaceOrientationLandscapeLeft UIInterfaceOrientationLandscapeRight";
				INFOPLIST_KEY_UISupportedInterfaceOrientations_iPhone = "UIInterfaceOrientationPortrait UIInterfaceOrientationLandscapeLeft UIInterfaceOrientationLandscapeRight";
				IPHONEOS_DEPLOYMENT_TARGET = 14.0;
				LD_RUNPATH_SEARCH_PATHS = (
					"$(inherited)",
					"@executable_path/Frameworks",
				);
				MARKETING_VERSION = 1.0;
				PRODUCT_BUNDLE_IDENTIFIER = one.mixin.WalletDemo;
				PRODUCT_NAME = "$(TARGET_NAME)";
				SWIFT_EMIT_LOC_STRINGS = YES;
				SWIFT_VERSION = 5.0;
				TARGETED_DEVICE_FAMILY = "1,2";
			};
			name = Release;
		};
/* End XCBuildConfiguration section */

/* Begin XCConfigurationList section */
		94B3AA5D2819B859006B60C1 /* Build configuration list for PBXProject "WalletDemo" */ = {
			isa = XCConfigurationList;
			buildConfigurations = (
				94B3AA6E2819B859006B60C1 /* Debug */,
				94B3AA6F2819B859006B60C1 /* Release */,
			);
			defaultConfigurationIsVisible = 0;
			defaultConfigurationName = Release;
		};
		94B3AA702819B859006B60C1 /* Build configuration list for PBXNativeTarget "WalletDemo" */ = {
			isa = XCConfigurationList;
			buildConfigurations = (
				94B3AA712819B859006B60C1 /* Debug */,
				94B3AA722819B859006B60C1 /* Release */,
			);
			defaultConfigurationIsVisible = 0;
			defaultConfigurationName = Release;
		};
/* End XCConfigurationList section */
	};
	rootObject = 94B3AA5A2819B859006B60C1 /* Project object */;
}
